{
  "name": "shopDemo",
  "lockfileVersion": 3,
  "requires": true,
  "packages": {
    "": {
      "dependencies": {
        "i18next": "^23.11.1",
        "intl": "^1.2.5",
        "react-i18next": "^14.1.0",
        "react-intl": "^6.6.5"
      }
    },
    "node_modules/@babel/runtime": {
      "version": "7.24.4",
      "resolved": "https://registry.npmmirror.com/@babel/runtime/-/runtime-7.24.4.tgz",
      "integrity": "sha512-dkxf7+hn8mFBwKjs9bvBlArzLVxVbS8usaPUDd5p2a9JCL9tB8OaOVN1isD4+Xyk4ns89/xeOmbQvgdK7IIVdA==",
      "dependencies": {
        "regenerator-runtime": "^0.14.0"
      },
      "engines": {
        "node": ">=6.9.0"
      }
    },
    "node_modules/@formatjs/ecma402-abstract": {
      "version": "1.18.2",
      "resolved": "https://registry.npmmirror.com/@formatjs/ecma402-abstract/-/ecma402-abstract-1.18.2.tgz",
      "integrity": "sha512-+QoPW4csYALsQIl8GbN14igZzDbuwzcpWrku9nyMXlaqAlwRBgl5V+p0vWMGFqHOw37czNXaP/lEk4wbLgcmtA==",
      "dependencies": {
        "@formatjs/intl-localematcher": "0.5.4",
        "tslib": "^2.4.0"
      }
    },
    "node_modules/@formatjs/fast-memoize": {
      "version": "2.2.0",
      "resolved": "https://registry.npmmirror.com/@formatjs/fast-memoize/-/fast-memoize-2.2.0.tgz",
      "integrity": "sha512-hnk/nY8FyrL5YxwP9e4r9dqeM6cAbo8PeU9UjyXojZMNvVad2Z06FAVHyR3Ecw6fza+0GH7vdJgiKIVXTMbSBA==",
      "dependencies": {
        "tslib": "^2.4.0"
      }
    },
    "node_modules/@formatjs/icu-messageformat-parser": {
      "version": "2.7.6",
      "resolved": "https://registry.npmmirror.com/@formatjs/icu-messageformat-parser/-/icu-messageformat-parser-2.7.6.tgz",
      "integrity": "sha512-etVau26po9+eewJKYoiBKP6743I1br0/Ie00Pb/S/PtmYfmjTcOn2YCh2yNkSZI12h6Rg+BOgQYborXk46BvkA==",
      "dependencies": {
        "@formatjs/ecma402-abstract": "1.18.2",
        "@formatjs/icu-skeleton-parser": "1.8.0",
        "tslib": "^2.4.0"
      }
    },
    "node_modules/@formatjs/icu-skeleton-parser": {
      "version": "1.8.0",
      "resolved": "https://registry.npmmirror.com/@formatjs/icu-skeleton-parser/-/icu-skeleton-parser-1.8.0.tgz",
      "integrity": "sha512-QWLAYvM0n8hv7Nq5BEs4LKIjevpVpbGLAJgOaYzg9wABEoX1j0JO1q2/jVkO6CVlq0dbsxZCngS5aXbysYueqA==",
      "dependencies": {
        "@formatjs/ecma402-abstract": "1.18.2",
        "tslib": "^2.4.0"
      }
    },
    "node_modules/@formatjs/intl": {
      "version": "2.10.1",
      "resolved": "https://registry.npmmirror.com/@formatjs/intl/-/intl-2.10.1.tgz",
      "integrity": "sha512-dsLG15U7xDi8yzKf4hcAWSsCaez3XrjTO2oaRHPyHtXLm1aEzYbDw6bClo/HMHu+iwS5GbDqT3DV+hYP2ylScg==",
      "dependencies": {
        "@formatjs/ecma402-abstract": "1.18.2",
        "@formatjs/fast-memoize": "2.2.0",
        "@formatjs/icu-messageformat-parser": "2.7.6",
        "@formatjs/intl-displaynames": "6.6.6",
        "@formatjs/intl-listformat": "7.5.5",
        "intl-messageformat": "10.5.11",
        "tslib": "^2.4.0"
      },
      "peerDependencies": {
        "typescript": "^4.7 || 5"
      },
      "peerDependenciesMeta": {
        "typescript": {
          "optional": true
        }
      }
    },
    "node_modules/@formatjs/intl-displaynames": {
      "version": "6.6.6",
      "resolved": "https://registry.npmmirror.com/@formatjs/intl-displaynames/-/intl-displaynames-6.6.6.tgz",
      "integrity": "sha512-Dg5URSjx0uzF8VZXtHb6KYZ6LFEEhCbAbKoYChYHEOnMFTw/ZU3jIo/NrujzQD2EfKPgQzIq73LOUvW6Z/LpFA==",
      "dependencies": {
        "@formatjs/ecma402-abstract": "1.18.2",
        "@formatjs/intl-localematcher": "0.5.4",
        "tslib": "^2.4.0"
      }
    },
    "node_modules/@formatjs/intl-listformat": {
      "version": "7.5.5",
      "resolved": "https://registry.npmmirror.com/@formatjs/intl-listformat/-/intl-listformat-7.5.5.tgz",
      "integrity": "sha512-XoI52qrU6aBGJC9KJddqnacuBbPlb/bXFN+lIFVFhQ1RnFHpzuFrlFdjD9am2O7ZSYsyqzYRpkVcXeT1GHkwDQ==",
      "dependencies": {
        "@formatjs/ecma402-abstract": "1.18.2",
        "@formatjs/intl-localematcher": "0.5.4",
        "tslib": "^2.4.0"
      }
    },
    "node_modules/@formatjs/intl-localematcher": {
      "version": "0.5.4",
      "resolved": "https://registry.npmmirror.com/@formatjs/intl-localematcher/-/intl-localematcher-0.5.4.tgz",
      "integrity": "sha512-zTwEpWOzZ2CiKcB93BLngUX59hQkuZjT2+SAQEscSm52peDW/getsawMcWF1rGRpMCX6D7nSJA3CzJ8gn13N/g==",
      "dependencies": {
        "tslib": "^2.4.0"
      }
    },
    "node_modules/@types/hoist-non-react-statics": {
      "version": "3.3.5",
      "resolved": "https://registry.npmmirror.com/@types/hoist-non-react-statics/-/hoist-non-react-statics-3.3.5.tgz",
      "integrity": "sha512-SbcrWzkKBw2cdwRTwQAswfpB9g9LJWfjtUeW/jvNwbhC8cpmmNYVePa+ncbUe0rGTQ7G3Ff6mYUN2VMfLVr+Sg==",
      "dependencies": {
        "@types/react": "*",
        "hoist-non-react-statics": "^3.3.0"
      }
    },
    "node_modules/@types/prop-types": {
      "version": "15.7.12",
      "resolved": "https://registry.npmmirror.com/@types/prop-types/-/prop-types-15.7.12.tgz",
      "integrity": "sha512-5zvhXYtRNRluoE/jAp4GVsSduVUzNWKkOZrCDBWYtE7biZywwdC2AcEzg+cSMLFRfVgeAFqpfNabiPjxFddV1Q=="
    },
    "node_modules/@types/react": {
      "version": "18.2.75",
      "resolved": "https://registry.npmmirror.com/@types/react/-/react-18.2.75.tgz",
      "integrity": "sha512-+DNnF7yc5y0bHkBTiLKqXFe+L4B3nvOphiMY3tuA5X10esmjqk7smyBZzbGTy2vsiy/Bnzj8yFIBL8xhRacoOg==",
      "dependencies": {
        "@types/prop-types": "*",
        "csstype": "^3.0.2"
      }
    },
    "node_modules/csstype": {
      "version": "3.1.3",
      "resolved": "https://registry.npmmirror.com/csstype/-/csstype-3.1.3.tgz",
      "integrity": "sha512-M1uQkMl8rQK/szD0LNhtqxIPLpimGm8sOBwU7lLnCpSbTyY3yeU1Vc7l4KT5zT4s/yOxHH5O7tIuuLOCnLADRw=="
    },
    "node_modules/hoist-non-react-statics": {
      "version": "3.3.2",
      "resolved": "https://registry.npmmirror.com/hoist-non-react-statics/-/hoist-non-react-statics-3.3.2.tgz",
      "integrity": "sha512-/gGivxi8JPKWNm/W0jSmzcMPpfpPLc3dY/6GxhX2hQ9iGj3aDfklV4ET7NjKpSinLpJ5vafa9iiGIEZg10SfBw==",
      "dependencies": {
        "react-is": "^16.7.0"
      }
    },
    "node_modules/html-parse-stringify": {
      "version": "3.0.1",
      "resolved": "https://registry.npmmirror.com/html-parse-stringify/-/html-parse-stringify-3.0.1.tgz",
      "integrity": "sha512-KknJ50kTInJ7qIScF3jeaFRpMpE8/lfiTdzf/twXyPBLAGrLRTmkz3AdTnKeh40X8k9L2fdYwEp/42WGXIRGcg==",
      "dependencies": {
        "void-elements": "3.1.0"
      }
    },
    "node_modules/i18next": {
      "version": "23.11.1",
      "resolved": "https://registry.npmmirror.com/i18next/-/i18next-23.11.1.tgz",
      "integrity": "sha512-mXw4A24BiPZKRsbb9ewgSvjYd6fxFCNwJyfK6nYfSTIAX2GkCWcb598m3DFkDZmqADatvuASrKo6qwORz3VwTQ==",
      "dependencies": {
        "@babel/runtime": "^7.23.2"
      }
    },
    "node_modules/intl": {
      "version": "1.2.5",
      "resolved": "https://registry.npmmirror.com/intl/-/intl-1.2.5.tgz",
      "integrity": "sha512-rK0KcPHeBFBcqsErKSpvZnrOmWOj+EmDkyJ57e90YWaQNqbcivcqmKDlHEeNprDWOsKzPsh1BfSpPQdDvclHVw=="
    },
    "node_modules/intl-messageformat": {
      "version": "10.5.11",
      "resolved": "https://registry.npmmirror.com/intl-messageformat/-/intl-messageformat-10.5.11.tgz",
      "integrity": "sha512-eYq5fkFBVxc7GIFDzpFQkDOZgNayNTQn4Oufe8jw6YY6OHVw70/4pA3FyCsQ0Gb2DnvEJEMmN2tOaXUGByM+kg==",
      "dependencies": {
        "@formatjs/ecma402-abstract": "1.18.2",
        "@formatjs/fast-memoize": "2.2.0",
        "@formatjs/icu-messageformat-parser": "2.7.6",
        "tslib": "^2.4.0"
      }
    },
    "node_modules/js-tokens": {
      "version": "4.0.0",
      "resolved": "https://registry.npmmirror.com/js-tokens/-/js-tokens-4.0.0.tgz",
      "integrity": "sha512-RdJUflcE3cUzKiMqQgsCu06FPu9UdIJO0beYbPhHN4k6apgJtifcoCtT9bcxOpYBtpD2kCM6Sbzg4CausW/PKQ==",
      "peer": true
    },
    "node_modules/loose-envify": {
      "version": "1.4.0",
      "resolved": "https://registry.npmmirror.com/loose-envify/-/loose-envify-1.4.0.tgz",
      "integrity": "sha512-lyuxPGr/Wfhrlem2CL/UcnUc1zcqKAImBDzukY7Y5F/yQiNdko6+fRLevlw1HgMySw7f611UIY408EtxRSoK3Q==",
      "peer": true,
      "dependencies": {
        "js-tokens": "^3.0.0 || ^4.0.0"
      },
      "bin": {
        "loose-envify": "cli.js"
      }
    },
    "node_modules/react": {
      "version": "18.2.0",
      "resolved": "https://registry.npmmirror.com/react/-/react-18.2.0.tgz",
      "integrity": "sha512-/3IjMdb2L9QbBdWiW5e3P2/npwMBaU9mHCSCUzNln0ZCYbcfTsGbTJrU/kGemdH2IWmB2ioZ+zkxtmq6g09fGQ==",
      "peer": true,
      "dependencies": {
        "loose-envify": "^1.1.0"
      },
      "engines": {
        "node": ">=0.10.0"
      }
    },
    "node_modules/react-i18next": {
      "version": "14.1.0",
      "resolved": "https://registry.npmmirror.com/react-i18next/-/react-i18next-14.1.0.tgz",
      "integrity": "sha512-3KwX6LHpbvGQ+sBEntjV4sYW3Zovjjl3fpoHbUwSgFHf0uRBcbeCBLR5al6ikncI5+W0EFb71QXZmfop+J6NrQ==",
      "dependencies": {
        "@babel/runtime": "^7.23.9",
        "html-parse-stringify": "^3.0.1"
      },
      "peerDependencies": {
        "i18next": ">= 23.2.3",
        "react": ">= 16.8.0"
      },
      "peerDependenciesMeta": {
        "react-dom": {
          "optional": true
        },
        "react-native": {
          "optional": true
        }
      }
    },
    "node_modules/react-intl": {
      "version": "6.6.5",
      "resolved": "https://registry.npmmirror.com/react-intl/-/react-intl-6.6.5.tgz",
      "integrity": "sha512-OErDPbGqus0QKVj77MGCC9Plbnys3CDQrq6Lw41c60pmeTdn41AhoS1SIzXG6SUlyF7qNN2AVqfrrIvHUgSyLQ==",
      "dependencies": {
        "@formatjs/ecma402-abstract": "1.18.2",
        "@formatjs/icu-messageformat-parser": "2.7.6",
        "@formatjs/intl": "2.10.1",
        "@formatjs/intl-displaynames": "6.6.6",
        "@formatjs/intl-listformat": "7.5.5",
        "@types/hoist-non-react-statics": "^3.3.1",
        "@types/react": "16 || 17 || 18",
        "hoist-non-react-statics": "^3.3.2",
        "intl-messageformat": "10.5.11",
        "tslib": "^2.4.0"
      },
      "peerDependencies": {
        "react": "^16.6.0 || 17 || 18",
        "typescript": "^4.7 || 5"
      },
      "peerDependenciesMeta": {
        "typescript": {
          "optional": true
        }
      }
    },
    "node_modules/react-is": {
      "version": "16.13.1",
      "resolved": "https://registry.npmmirror.com/react-is/-/react-is-16.13.1.tgz",
      "integrity": "sha512-24e6ynE2H+OKt4kqsOvNd8kBpV65zoxbA4BVsEOB3ARVWQki/DHzaUoC5KuON/BiccDaCCTZBuOcfZs70kR8bQ=="
    },
    "node_modules/regenerator-runtime": {
      "version": "0.14.1",
      "resolved": "https://registry.npmmirror.com/regenerator-runtime/-/regenerator-runtime-0.14.1.tgz",
      "integrity": "sha512-dYnhHh0nJoMfnkZs6GmmhFknAGRrLznOu5nc9ML+EJxGvrx6H7teuevqVqCuPcPK//3eDrrjQhehXVx9cnkGdw=="
    },
    "node_modules/tslib": {
      "version": "2.6.2",
      "resolved": "https://registry.npmmirror.com/tslib/-/tslib-2.6.2.tgz",
      "integrity": "sha512-AEYxH93jGFPn/a2iVAwW87VuUIkR1FVUKB77NwMF7nBTDkDrrT/Hpt/IrCJ0QXhW27jTBDcf5ZY7w6RiqTMw2Q=="
    },
    "node_modules/void-elements": {
      "version": "3.1.0",
      "resolved": "https://registry.npmmirror.com/void-elements/-/void-elements-3.1.0.tgz",
      "integrity": "sha512-Dhxzh5HZuiHQhbvTW9AMetFfBHDMYpo23Uo9btPXgdYP+3T5S+p+jgNy7spra+veYhBP2dCSgxR/i2Y02h5/6w==",
      "engines": {
        "node": ">=0.10.0"
      }
    }
  }
}
